PODS:
  - boost-for-react-native (1.63.0)
  - DoubleConversion (1.1.6)
  - Folly (2018.10.22.00):
    - boost-for-react-native
    - DoubleConversion
    - Folly/Default (= 2018.10.22.00)
    - glog
  - Folly/Default (2018.10.22.00):
    - boost-for-react-native
    - DoubleConversion
    - glog
  - glog (0.3.5)
  - React (0.60.4-3):
    - React-Core (= 0.60.4-3)
    - React-DevSupport (= 0.60.4-3)
    - React-RCTAnimation (= 0.60.4-3)
    - React-RCTBlob (= 0.60.4-3)
    - React-RCTImage (= 0.60.4-3)
    - React-RCTLinking (= 0.60.4-3)
    - React-RCTNetwork (= 0.60.4-3)
    - React-RCTSettings (= 0.60.4-3)
    - React-RCTText (= 0.60.4-3)
    - React-RCTWebSocket (= 0.60.4-3)
  - React-Core (0.60.4-3):
    - Folly (= 2018.10.22.00)
    - glog
    - React-Core/Default (= 0.60.4-3)
    - React-cxxreact (= 0.60.4-3)
    - React-jsi (= 0.60.4-3)
    - React-jsiexecutor (= 0.60.4-3)
    - yoga (= 0.60.4-3.React)
  - React-Core/Default (0.60.4-3):
    - Folly (= 2018.10.22.00)
    - glog
    - React-cxxreact (= 0.60.4-3)
    - React-jsi (= 0.60.4-3)
    - React-jsiexecutor (= 0.60.4-3)
    - yoga (= 0.60.4-3.React)
  - React-cxxreact (0.60.4-3):
    - boost-for-react-native (= 1.63.0)
    - DoubleConversion
    - Folly (= 2018.10.22.00)
    - glog
    - React-jsinspector (= 0.60.4-3)
  - React-DevSupport (0.60.4-3):
    - React-Core (= 0.60.4-3)
    - React-RCTWebSocket (= 0.60.4-3)
  - React-fishhook (0.60.4-3)
  - React-jsi (0.60.4-3):
    - boost-for-react-native (= 1.63.0)
    - DoubleConversion
    - Folly (= 2018.10.22.00)
    - glog
    - React-jsi/Default (= 0.60.4-3)
  - React-jsi/Default (0.60.4-3):
    - boost-for-react-native (= 1.63.0)
    - DoubleConversion
    - Folly (= 2018.10.22.00)
    - glog
  - React-jsiexecutor (0.60.4-3):
    - DoubleConversion
    - Folly (= 2018.10.22.00)
    - glog
    - React-cxxreact (= 0.60.4-3)
    - React-jsi (= 0.60.4-3)
  - React-jsinspector (0.60.4-3)
  - React-RCTActionSheet (0.60.4-3):
    - React-Core (= 0.60.4-3)
  - React-RCTAnimation (0.60.4-3):
    - React-Core (= 0.60.4-3)
  - React-RCTBlob (0.60.4-3):
    - React-Core (= 0.60.4-3)
    - React-RCTNetwork (= 0.60.4-3)
    - React-RCTWebSocket (= 0.60.4-3)
  - React-RCTImage (0.60.4-3):
    - React-Core (= 0.60.4-3)
    - React-RCTNetwork (= 0.60.4-3)
  - React-RCTLinking (0.60.4-3):
    - React-Core (= 0.60.4-3)
  - React-RCTNetwork (0.60.4-3):
    - React-Core (= 0.60.4-3)
  - React-RCTSettings (0.60.4-3):
    - React-Core (= 0.60.4-3)
  - React-RCTText (0.60.4-3):
    - React-Core (= 0.60.4-3)
  - React-RCTVibration (0.60.4-3):
    - React-Core (= 0.60.4-3)
  - React-RCTWebSocket (0.60.4-3):
    - React-Core (= 0.60.4-3)
    - React-fishhook (= 0.60.4-3)
  - ReactNativeNavigation (3.1.1):
    - React
  - ReactNativeUiLib (3.3.132):
    - React
  - yoga (0.60.4-3.React)

DEPENDENCIES:
  - DoubleConversion (from `../node_modules/react-native/third-party-podspecs/DoubleConversion.podspec`)
  - Folly (from `../node_modules/react-native/third-party-podspecs/Folly.podspec`)
  - glog (from `../node_modules/react-native/third-party-podspecs/glog.podspec`)
  - React (from `../node_modules/react-native/`)
  - React-Core (from `../node_modules/react-native/React`)
  - React-cxxreact (from `../node_modules/react-native/ReactCommon/cxxreact`)
  - React-DevSupport (from `../node_modules/react-native/React`)
  - React-fishhook (from `../node_modules/react-native/Libraries/fishhook`)
  - React-jsi (from `../node_modules/react-native/ReactCommon/jsi`)
  - React-jsiexecutor (from `../node_modules/react-native/ReactCommon/jsiexecutor`)
  - React-jsinspector (from `../node_modules/react-native/ReactCommon/jsinspector`)
  - React-RCTActionSheet (from `../node_modules/react-native/Libraries/ActionSheetIOS`)
  - React-RCTAnimation (from `../node_modules/react-native/Libraries/NativeAnimation`)
  - React-RCTBlob (from `../node_modules/react-native/Libraries/Blob`)
  - React-RCTImage (from `../node_modules/react-native/Libraries/Image`)
  - React-RCTLinking (from `../node_modules/react-native/Libraries/LinkingIOS`)
  - React-RCTNetwork (from `../node_modules/react-native/Libraries/Network`)
  - React-RCTSettings (from `../node_modules/react-native/Libraries/Settings`)
  - React-RCTText (from `../node_modules/react-native/Libraries/Text`)
  - React-RCTVibration (from `../node_modules/react-native/Libraries/Vibration`)
  - React-RCTWebSocket (from `../node_modules/react-native/Libraries/WebSocket`)
  - ReactNativeNavigation (from `../node_modules/react-native-navigation`)
  - ReactNativeUiLib (from `../node_modules/react-native-ui-lib`)
  - yoga (from `../node_modules/react-native/ReactCommon/yoga`)

SPEC REPOS:
  https://github.com/cocoapods/specs.git:
    - boost-for-react-native

EXTERNAL SOURCES:
  DoubleConversion:
    :podspec: "../node_modules/react-native/third-party-podspecs/DoubleConversion.podspec"
  Folly:
    :podspec: "../node_modules/react-native/third-party-podspecs/Folly.podspec"
  glog:
    :podspec: "../node_modules/react-native/third-party-podspecs/glog.podspec"
  React:
    :path: "../node_modules/react-native/"
  React-Core:
    :path: "../node_modules/react-native/React"
  React-cxxreact:
    :path: "../node_modules/react-native/ReactCommon/cxxreact"
  React-DevSupport:
    :path: "../node_modules/react-native/React"
  React-fishhook:
    :path: "../node_modules/react-native/Libraries/fishhook"
  React-jsi:
    :path: "../node_modules/react-native/ReactCommon/jsi"
  React-jsiexecutor:
    :path: "../node_modules/react-native/ReactCommon/jsiexecutor"
  React-jsinspector:
    :path: "../node_modules/react-native/ReactCommon/jsinspector"
  React-RCTActionSheet:
    :path: "../node_modules/react-native/Libraries/ActionSheetIOS"
  React-RCTAnimation:
    :path: "../node_modules/react-native/Libraries/NativeAnimation"
  React-RCTBlob:
    :path: "../node_modules/react-native/Libraries/Blob"
  React-RCTImage:
    :path: "../node_modules/react-native/Libraries/Image"
  React-RCTLinking:
    :path: "../node_modules/react-native/Libraries/LinkingIOS"
  React-RCTNetwork:
    :path: "../node_modules/react-native/Libraries/Network"
  React-RCTSettings:
    :path: "../node_modules/react-native/Libraries/Settings"
  React-RCTText:
    :path: "../node_modules/react-native/Libraries/Text"
  React-RCTVibration:
    :path: "../node_modules/react-native/Libraries/Vibration"
  React-RCTWebSocket:
    :path: "../node_modules/react-native/Libraries/WebSocket"
  ReactNativeNavigation:
    :path: "../node_modules/react-native-navigation"
  ReactNativeUiLib:
    :path: "../node_modules/react-native-ui-lib"
  yoga:
    :path: "../node_modules/react-native/ReactCommon/yoga"

SPEC CHECKSUMS:
  boost-for-react-native: 39c7adb57c4e60d6c5479dd8623128eb5b3f0f2c
  DoubleConversion: 5805e889d232975c086db112ece9ed034df7a0b2
  Folly: 30e7936e1c45c08d884aa59369ed951a8e68cf51
  glog: 1f3da668190260b06b429bb211bfbee5cd790c28
  React: de1bf17d0e9cd930bc3b7fb0a7ce63a6afc44ecd
  React-Core: 71866e5ad96dfd915a7c04cd37e7c19f16a21c5d
  React-cxxreact: 85d103a9df72066695223d7fc4b8f10553db2058
  React-DevSupport: 53c6711e70b7a6167f4288f6e7089723715a5b15
  React-fishhook: abb38c945df1da0575d7662fe9a2cecf6630d96c
  React-jsi: 3ed2028d341dda0e4299691de903b26bb841a7d9
  React-jsiexecutor: b582ac1171f3026193e1e4b632db63632ccfacd7
  React-jsinspector: 3132e47381098d8bca742bf4b347f5b1c5a36bc1
  React-RCTActionSheet: c6a53e51ad940faa1dd27fc38dc276b9945c7091
  React-RCTAnimation: 68db9d64725b8407a4077d378220064d8da13f22
  React-RCTBlob: 03b8a6b2e1cb56c55aa01f697c6a8cb7b1b1e18f
  React-RCTImage: fa1d03f8dd616b3c84f52d3ecaebdb8b9d0e0926
  React-RCTLinking: ab47ab492648a1595f09053a780051e6188833e2
  React-RCTNetwork: 3de1978dcc70b4771716a95940ba864f66ec1928
  React-RCTSettings: 170bb6e0923c769d7368bb6d9cdd4be9ffef748e
  React-RCTText: f53074bc38843a6d55f7a171babd3e1bfb05258e
  React-RCTVibration: 2f62c2f57fede4208294329e6059a678f6b5accd
  React-RCTWebSocket: 9e461eefbcb8fd45842e8426a6f01b40ef3cef90
  ReactNativeNavigation: 78bf57ad3fdd2767d23979b04dcdb62ceed307cc
  ReactNativeUiLib: 19300f66f39b3232bdedb9daf86074c17f02a2a3
  yoga: b786d298f2013c69c72f5fc7a4d6001efaa65433

PODFILE CHECKSUM: c33b05937338ceedad50e988e3848ca788b76909

COCOAPODS: 1.7.5
